
Microsoft Visual Studio Solution File, Format Version 12.00
# Visual Studio 15
VisualStudioVersion = 15.0.26730.12
MinimumVisualStudioVersion = 10.0.40219.1
Project("{FAE04EC0-301F-11D3-BF4B-00C04F79EFBC}") = "WindowsFormsApplication1", "WindowsFormsApplication1\WindowsFormsApplication1.csproj", "{A318EFAE-0B0D-48C3-B4ED-10D133403C72}"
EndProject
Project("{FAE04EC0-301F-11D3-BF4B-00C04F79EFBC}") = "SharedGameData", "SharedGameData\SharedGameData.csproj", "{0E6FA93A-E75D-461F-8CB3-4A0959A424FC}"
EndProject
Project("{FAE04EC0-301F-11D3-BF4B-00C04F79EFBC}") = "Game1", "Game1\Game1.csproj", "{98770940-1897-4282-B167-BEE7EE9B0E22}"
EndProject
Global
	GlobalSection(SolutionConfigurationPlatforms) = preSolution
		Debug|Any CPU = Debug|Any CPU
		Debug|Mixed Platforms = Debug|Mixed Platforms
		Debug|x86 = Debug|x86
		Release|Any CPU = Release|Any CPU
		Release|Mixed Platforms = Release|Mixed Platforms
		Release|x86 = Release|x86
	EndGlobalSection
	GlobalSection(ProjectConfigurationPlatforms) = postSolution
		{A318EFAE-0B0D-48C3-B4ED-10D133403C72}.Debug|Any CPU.ActiveCfg = Debug|Any CPU
		{A318EFAE-0B0D-48C3-B4ED-10D133403C72}.Debug|Any CPU.Build.0 = Debug|Any CPU
		{A318EFAE-0B0D-48C3-B4ED-10D133403C72}.Debug|Mixed Platforms.ActiveCfg = Debug|Any CPU
		{A318EFAE-0B0D-48C3-B4ED-10D133403C72}.Debug|Mixed Platforms.Build.0 = Debug|Any CPU
		{A318EFAE-0B0D-48C3-B4ED-10D133403C72}.Debug|x86.ActiveCfg = Debug|Any CPU
		{A318EFAE-0B0D-48C3-B4ED-10D133403C72}.Debug|x86.Build.0 = Debug|Any CPU
		{A318EFAE-0B0D-48C3-B4ED-10D133403C72}.Release|Any CPU.ActiveCfg = Release|Any CPU
		{A318EFAE-0B0D-48C3-B4ED-10D133403C72}.Release|Any CPU.Build.0 = Release|Any CPU
		{A318EFAE-0B0D-48C3-B4ED-10D133403C72}.Release|Mixed Platforms.ActiveCfg = Release|Any CPU
		{A318EFAE-0B0D-48C3-B4ED-10D133403C72}.Release|Mixed Platforms.Build.0 = Release|Any CPU
		{A318EFAE-0B0D-48C3-B4ED-10D133403C72}.Release|x86.ActiveCfg = Release|Any CPU
		{0E6FA93A-E75D-461F-8CB3-4A0959A424FC}.Debug|Any CPU.ActiveCfg = Debug|Any CPU
		{0E6FA93A-E75D-461F-8CB3-4A0959A424FC}.Debug|Any CPU.Build.0 = Debug|Any CPU
		{0E6FA93A-E75D-461F-8CB3-4A0959A424FC}.Debug|Mixed Platforms.ActiveCfg = Debug|Any CPU
		{0E6FA93A-E75D-461F-8CB3-4A0959A424FC}.Debug|Mixed Platforms.Build.0 = Debug|Any CPU
		{0E6FA93A-E75D-461F-8CB3-4A0959A424FC}.Debug|x86.ActiveCfg = Debug|Any CPU
		{0E6FA93A-E75D-461F-8CB3-4A0959A424FC}.Debug|x86.Build.0 = Debug|Any CPU
		{0E6FA93A-E75D-461F-8CB3-4A0959A424FC}.Release|Any CPU.ActiveCfg = Release|Any CPU
		{0E6FA93A-E75D-461F-8CB3-4A0959A424FC}.Release|Any CPU.Build.0 = Release|Any CPU
		{0E6FA93A-E75D-461F-8CB3-4A0959A424FC}.Release|Mixed Platforms.ActiveCfg = Release|Any CPU
		{0E6FA93A-E75D-461F-8CB3-4A0959A424FC}.Release|Mixed Platforms.Build.0 = Release|Any CPU
		{0E6FA93A-E75D-461F-8CB3-4A0959A424FC}.Release|x86.ActiveCfg = Release|Any CPU
		{98770940-1897-4282-B167-BEE7EE9B0E22}.Debug|Any CPU.ActiveCfg = Debug|x86
		{98770940-1897-4282-B167-BEE7EE9B0E22}.Debug|Mixed Platforms.ActiveCfg = Debug|x86
		{98770940-1897-4282-B167-BEE7EE9B0E22}.Debug|Mixed Platforms.Build.0 = Debug|x86
		{98770940-1897-4282-B167-BEE7EE9B0E22}.Debug|x86.ActiveCfg = Debug|x86
		{98770940-1897-4282-B167-BEE7EE9B0E22}.Debug|x86.Build.0 = Debug|x86
		{98770940-1897-4282-B167-BEE7EE9B0E22}.Release|Any CPU.ActiveCfg = Release|x86
		{98770940-1897-4282-B167-BEE7EE9B0E22}.Release|Mixed Platforms.ActiveCfg = Release|x86
		{98770940-1897-4282-B167-BEE7EE9B0E22}.Release|Mixed Platforms.Build.0 = Release|x86
		{98770940-1897-4282-B167-BEE7EE9B0E22}.Release|x86.ActiveCfg = Release|x86
		{98770940-1897-4282-B167-BEE7EE9B0E22}.Release|x86.Build.0 = Release|x86
	EndGlobalSection
	GlobalSection(SolutionProperties) = preSolution
		HideSolutionNode = FALSE
	EndGlobalSection
	GlobalSection(ExtensibilityGlobals) = postSolution
		SolutionGuid = {4FDCAE3B-AA55-4767-9B09-44FD6A5BE17C}
	EndGlobalSection
EndGlobal
